
Microsoft Visual Studio Solution File, Format Version 12.00
# Visual Studio Version 17
VisualStudioVersion = 17.5.002.0
MinimumVisualStudioVersion = 10.0.40219.1
Project("{2150E333-8FDC-42A3-9474-1A3956D46DE8}") = "Back", "Back", "{A2D38AB4-BC6A-466A-A964-4402766A826D}"
EndProject
Project("{2150E333-8FDC-42A3-9474-1A3956D46DE8}") = "src", "src", "{BD36F38A-1FA2-40F4-BAEF-10D295098127}"
EndProject
Project("{9A19103F-16F7-4668-BE54-9A1E7A4F7556}") = "ProEventos.API", "Back\src\ProEventos.API\ProEventos.API.csproj", "{48994821-1D37-410B-96A2-9433465D3442}"
EndProject
Global
	GlobalSection(SolutionConfigurationPlatforms) = preSolution
		Debug|Any CPU = Debug|Any CPU
		Release|Any CPU = Release|Any CPU
	EndGlobalSection
	GlobalSection(ProjectConfigurationPlatforms) = postSolution
		{48994821-1D37-410B-96A2-9433465D3442}.Debug|Any CPU.ActiveCfg = Debug|Any CPU
		{48994821-1D37-410B-96A2-9433465D3442}.Debug|Any CPU.Build.0 = Debug|Any CPU
		{48994821-1D37-410B-96A2-9433465D3442}.Release|Any CPU.ActiveCfg = Release|Any CPU
		{48994821-1D37-410B-96A2-9433465D3442}.Release|Any CPU.Build.0 = Release|Any CPU
	EndGlobalSection
	GlobalSection(SolutionProperties) = preSolution
		HideSolutionNode = FALSE
	EndGlobalSection
	GlobalSection(NestedProjects) = preSolution
		{BD36F38A-1FA2-40F4-BAEF-10D295098127} = {A2D38AB4-BC6A-466A-A964-4402766A826D}
		{48994821-1D37-410B-96A2-9433465D3442} = {BD36F38A-1FA2-40F4-BAEF-10D295098127}
	EndGlobalSection
	GlobalSection(ExtensibilityGlobals) = postSolution
		SolutionGuid = {2EDA499C-3CD5-41AA-AD09-65832135AC22}
	EndGlobalSection
EndGlobal
